
Microsoft Visual Studio Solution File, Format Version 12.00
# Visual Studio Version 16
VisualStudioVersion = 16.0.31019.35
MinimumVisualStudioVersion = 10.0.40219.1
Project("{FAE04EC0-301F-11D3-BF4B-00C04F79EFBC}") = "Hi There", "Hi There\Hi There.csproj", "{A79C08C5-C6C3-4892-B896-1A9F0B589329}"
EndProject
Global
	GlobalSection(SolutionConfigurationPlatforms) = preSolution
		Debug|Any CPU = Debug|Any CPU
		Release|Any CPU = Release|Any CPU
	EndGlobalSection
	GlobalSection(ProjectConfigurationPlatforms) = postSolution
		{A79C08C5-C6C3-4892-B896-1A9F0B589329}.Debug|Any CPU.ActiveCfg = Debug|Any CPU
		{A79C08C5-C6C3-4892-B896-1A9F0B589329}.Debug|Any CPU.Build.0 = Debug|Any CPU
		{A79C08C5-C6C3-4892-B896-1A9F0B589329}.Release|Any CPU.ActiveCfg = Release|Any CPU
		{A79C08C5-C6C3-4892-B896-1A9F0B589329}.Release|Any CPU.Build.0 = Release|Any CPU
	EndGlobalSection
	GlobalSection(SolutionProperties) = preSolution
		HideSolutionNode = FALSE
	EndGlobalSection
	GlobalSection(ExtensibilityGlobals) = postSolution
		SolutionGuid = {54696780-68BA-47D6-9F43-940A5A5517E0}
	EndGlobalSection
EndGlobal
