
Microsoft Visual Studio Solution File, Format Version 12.00
# Visual Studio Version 16
VisualStudioVersion = 16.0.30907.101
MinimumVisualStudioVersion = 10.0.40219.1
Project("{9A19103F-16F7-4668-BE54-9A1E7A4F7556}") = "ClassAttendance.WebUI", "WebUI\ClassAttendance.WebUI.csproj", "{4676CB48-77D8-466A-937C-1826D72B24DD}"
EndProject
Project("{9A19103F-16F7-4668-BE54-9A1E7A4F7556}") = "ClassAttendance.Domain", "Domain\ClassAttendance.Domain.csproj", "{325BD686-218C-4FC0-AE79-CE2DAE553CF4}"
EndProject
Project("{9A19103F-16F7-4668-BE54-9A1E7A4F7556}") = "ClassAttendance.Common", "Common\ClassAttendance.Common.csproj", "{D8D19584-54A7-4F15-B4C4-F9F9986013C1}"
EndProject
Project("{9A19103F-16F7-4668-BE54-9A1E7A4F7556}") = "ClassAttendance.Data", "Data\ClassAttendance.Data.csproj", "{4A822B82-7E2A-434D-81B2-CA8A053D0760}"
EndProject
Project("{9A19103F-16F7-4668-BE54-9A1E7A4F7556}") = "ClassAttendance.DbTool", "ClassAttendance.DbTool\ClassAttendance.DbTool.csproj", "{C29C2C83-8F1B-41DC-B35B-7EC02422B8EC}"
EndProject
Global
	GlobalSection(SolutionConfigurationPlatforms) = preSolution
		Debug|Any CPU = Debug|Any CPU
		Release|Any CPU = Release|Any CPU
	EndGlobalSection
	GlobalSection(ProjectConfigurationPlatforms) = postSolution
		{4676CB48-77D8-466A-937C-1826D72B24DD}.Debug|Any CPU.ActiveCfg = Debug|Any CPU
		{4676CB48-77D8-466A-937C-1826D72B24DD}.Debug|Any CPU.Build.0 = Debug|Any CPU
		{4676CB48-77D8-466A-937C-1826D72B24DD}.Release|Any CPU.ActiveCfg = Release|Any CPU
		{4676CB48-77D8-466A-937C-1826D72B24DD}.Release|Any CPU.Build.0 = Release|Any CPU
		{325BD686-218C-4FC0-AE79-CE2DAE553CF4}.Debug|Any CPU.ActiveCfg = Debug|Any CPU
		{325BD686-218C-4FC0-AE79-CE2DAE553CF4}.Debug|Any CPU.Build.0 = Debug|Any CPU
		{325BD686-218C-4FC0-AE79-CE2DAE553CF4}.Release|Any CPU.ActiveCfg = Release|Any CPU
		{325BD686-218C-4FC0-AE79-CE2DAE553CF4}.Release|Any CPU.Build.0 = Release|Any CPU
		{D8D19584-54A7-4F15-B4C4-F9F9986013C1}.Debug|Any CPU.ActiveCfg = Debug|Any CPU
		{D8D19584-54A7-4F15-B4C4-F9F9986013C1}.Debug|Any CPU.Build.0 = Debug|Any CPU
		{D8D19584-54A7-4F15-B4C4-F9F9986013C1}.Release|Any CPU.ActiveCfg = Release|Any CPU
		{D8D19584-54A7-4F15-B4C4-F9F9986013C1}.Release|Any CPU.Build.0 = Release|Any CPU
		{4A822B82-7E2A-434D-81B2-CA8A053D0760}.Debug|Any CPU.ActiveCfg = Debug|Any CPU
		{4A822B82-7E2A-434D-81B2-CA8A053D0760}.Debug|Any CPU.Build.0 = Debug|Any CPU
		{4A822B82-7E2A-434D-81B2-CA8A053D0760}.Release|Any CPU.ActiveCfg = Release|Any CPU
		{4A822B82-7E2A-434D-81B2-CA8A053D0760}.Release|Any CPU.Build.0 = Release|Any CPU
		{C29C2C83-8F1B-41DC-B35B-7EC02422B8EC}.Debug|Any CPU.ActiveCfg = Debug|Any CPU
		{C29C2C83-8F1B-41DC-B35B-7EC02422B8EC}.Debug|Any CPU.Build.0 = Debug|Any CPU
		{C29C2C83-8F1B-41DC-B35B-7EC02422B8EC}.Release|Any CPU.ActiveCfg = Release|Any CPU
		{C29C2C83-8F1B-41DC-B35B-7EC02422B8EC}.Release|Any CPU.Build.0 = Release|Any CPU
	EndGlobalSection
	GlobalSection(SolutionProperties) = preSolution
		HideSolutionNode = FALSE
	EndGlobalSection
	GlobalSection(ExtensibilityGlobals) = postSolution
		SolutionGuid = {56AC2398-4829-4CA4-B1CE-E78AB2BCAF97}
	EndGlobalSection
EndGlobal
