
Microsoft Visual Studio Solution File, Format Version 12.00
# Visual Studio Version 16
VisualStudioVersion = 16.0.31112.23
MinimumVisualStudioVersion = 10.0.40219.1
Project("{9A19103F-16F7-4668-BE54-9A1E7A4F7556}") = "WinUI", "WinUI\WinUI.csproj", "{72451D75-FA0C-4425-8E19-9D5ADF835E53}"
EndProject
Project("{9A19103F-16F7-4668-BE54-9A1E7A4F7556}") = "Domain", "Domain\Domain.csproj", "{B1993C20-3479-4AA3-9A5D-30B219FFFEB8}"
EndProject
Project("{9A19103F-16F7-4668-BE54-9A1E7A4F7556}") = "Data", "Data\Data.csproj", "{4CBF12CC-077B-4B6D-834E-729F9090DDBB}"
EndProject
Project("{9A19103F-16F7-4668-BE54-9A1E7A4F7556}") = "Common", "Common\Common.csproj", "{597F3C20-AEDC-4D2B-984D-462A3B74CBE9}"
EndProject
Global
	GlobalSection(SolutionConfigurationPlatforms) = preSolution
		Debug|Any CPU = Debug|Any CPU
		Release|Any CPU = Release|Any CPU
	EndGlobalSection
	GlobalSection(ProjectConfigurationPlatforms) = postSolution
		{72451D75-FA0C-4425-8E19-9D5ADF835E53}.Debug|Any CPU.ActiveCfg = Debug|Any CPU
		{72451D75-FA0C-4425-8E19-9D5ADF835E53}.Debug|Any CPU.Build.0 = Debug|Any CPU
		{72451D75-FA0C-4425-8E19-9D5ADF835E53}.Release|Any CPU.ActiveCfg = Release|Any CPU
		{72451D75-FA0C-4425-8E19-9D5ADF835E53}.Release|Any CPU.Build.0 = Release|Any CPU
		{B1993C20-3479-4AA3-9A5D-30B219FFFEB8}.Debug|Any CPU.ActiveCfg = Debug|Any CPU
		{B1993C20-3479-4AA3-9A5D-30B219FFFEB8}.Debug|Any CPU.Build.0 = Debug|Any CPU
		{B1993C20-3479-4AA3-9A5D-30B219FFFEB8}.Release|Any CPU.ActiveCfg = Release|Any CPU
		{B1993C20-3479-4AA3-9A5D-30B219FFFEB8}.Release|Any CPU.Build.0 = Release|Any CPU
		{4CBF12CC-077B-4B6D-834E-729F9090DDBB}.Debug|Any CPU.ActiveCfg = Debug|Any CPU
		{4CBF12CC-077B-4B6D-834E-729F9090DDBB}.Debug|Any CPU.Build.0 = Debug|Any CPU
		{4CBF12CC-077B-4B6D-834E-729F9090DDBB}.Release|Any CPU.ActiveCfg = Release|Any CPU
		{4CBF12CC-077B-4B6D-834E-729F9090DDBB}.Release|Any CPU.Build.0 = Release|Any CPU
		{597F3C20-AEDC-4D2B-984D-462A3B74CBE9}.Debug|Any CPU.ActiveCfg = Debug|Any CPU
		{597F3C20-AEDC-4D2B-984D-462A3B74CBE9}.Debug|Any CPU.Build.0 = Debug|Any CPU
		{597F3C20-AEDC-4D2B-984D-462A3B74CBE9}.Release|Any CPU.ActiveCfg = Release|Any CPU
		{597F3C20-AEDC-4D2B-984D-462A3B74CBE9}.Release|Any CPU.Build.0 = Release|Any CPU
	EndGlobalSection
	GlobalSection(SolutionProperties) = preSolution
		HideSolutionNode = FALSE
	EndGlobalSection
	GlobalSection(ExtensibilityGlobals) = postSolution
		SolutionGuid = {1E0F630C-1EB4-4209-AB81-38CFC8C46A69}
	EndGlobalSection
EndGlobal
